// !$*UTF8*$!
{
	archiveVersion = 1;
	classes = {
	};
	objectVersion = 50;
	objects = {

/* Begin PBXBuildFile section */
		33E2982423DE49800030023A /* AppDelegate.swift in Sources */ = {isa = PBXBuildFile; fileRef = 33E2982323DE49800030023A /* AppDelegate.swift */; };
		33E2982623DE49800030023A /* SceneDelegate.swift in Sources */ = {isa = PBXBuildFile; fileRef = 33E2982523DE49800030023A /* SceneDelegate.swift */; };
		33E2982823DE49800030023A /* ViewController.swift in Sources */ = {isa = PBXBuildFile; fileRef = 33E2982723DE49800030023A /* ViewController.swift */; };
		33E2982B23DE49800030023A /* Main.storyboard in Resources */ = {isa = PBXBuildFile; fileRef = 33E2982923DE49800030023A /* Main.storyboard */; };
		33E2982D23DE49820030023A /* Assets.xcassets in Resources */ = {isa = PBXBuildFile; fileRef = 33E2982C23DE49820030023A /* Assets.xcassets */; };
		33E2983023DE49820030023A /* LaunchScreen.storyboard in Resources */ = {isa = PBXBuildFile; fileRef = 33E2982E23DE49820030023A /* LaunchScreen.storyboard */; };
		33E2983B23DE49820030023A /* tipCalcTests.swift in Sources */ = {isa = PBXBuildFile; fileRef = 33E2983A23DE49820030023A /* tipCalcTests.swift */; };
		33E2984623DE49820030023A /* tipCalcUITests.swift in Sources */ = {isa = PBXBuildFile; fileRef = 33E2984523DE49820030023A /* tipCalcUITests.swift */; };
/* End PBXBuildFile section */

/* Begin PBXContainerItemProxy section */
		33E2983723DE49820030023A /* PBXContainerItemProxy */ = {
			isa = PBXContainerItemProxy;
			containerPortal = 33E2981823DE49800030023A /* Project object */;
			proxyType = 1;
			remoteGlobalIDString = 33E2981F23DE49800030023A;
			remoteInfo = tipCalc;
		};
		33E2984223DE49820030023A /* PBXContainerItemProxy */ = {
			isa = PBXContainerItemProxy;
			containerPortal = 33E2981823DE49800030023A /* Project object */;
			proxyType = 1;
			remoteGlobalIDString = 33E2981F23DE49800030023A;
			remoteInfo = tipCalc;
		};
/* End PBXContainerItemProxy section */

/* Begin PBXFileReference section */
		33E2982023DE49800030023A /* tipCalc.app */ = {isa = PBXFileReference; explicitFileType = wrapper.application; includeInIndex = 0; path = tipCalc.app; sourceTree = BUILT_PRODUCTS_DIR; };
		33E2982323DE49800030023A /* AppDelegate.swift */ = {isa = PBXFileReference; lastKnownFileType = sourcecode.swift; path = AppDelegate.swift; sourceTree = "<group>"; };
		33E2982523DE49800030023A /* SceneDelegate.swift */ = {isa = PBXFileReference; lastKnownFileType = sourcecode.swift; path = SceneDelegate.swift; sourceTree = "<group>"; };
		33E2982723DE49800030023A /* ViewController.swift */ = {isa = PBXFileReference; lastKnownFileType = sourcecode.swift; path = ViewController.swift; sourceTree = "<group>"; };
		33E2982A23DE49800030023A /* Base */ = {isa = PBXFileReference; lastKnownFileType = file.storyboard; name = Base; path = Base.lproj/Main.storyboard; sourceTree = "<group>"; };
		33E2982C23DE49820030023A /* Assets.xcassets */ = {isa = PBXFileReference; lastKnownFileType = folder.assetcatalog; path = Assets.xcassets; sourceTree = "<group>"; };
		33E2982F23DE49820030023A /* Base */ = {isa = PBXFileReference; lastKnownFileType = file.storyboard; name = Base; path = Base.lproj/LaunchScreen.storyboard; sourceTree = "<group>"; };
		33E2983123DE49820030023A /* Info.plist */ = {isa = PBXFileReference; lastKnownFileType = text.plist.xml; path = Info.plist; sourceTree = "<group>"; };
		33E2983623DE49820030023A /* tipCalcTests.xctest */ = {isa = PBXFileReference; explicitFileType = wrapper.cfbundle; includeInIndex = 0; path = tipCalcTests.xctest; sourceTree = BUILT_PRODUCTS_DIR; };
		33E2983A23DE49820030023A /* tipCalcTests.swift */ = {isa = PBXFileReference; lastKnownFileType = sourcecode.swift; path = tipCalcTests.swift; sourceTree = "<group>"; };
		33E2983C23DE49820030023A /* Info.plist */ = {isa = PBXFileReference; lastKnownFileType = text.plist.xml; path = Info.plist; sourceTree = "<group>"; };
		33E2984123DE49820030023A /* tipCalcUITests.xctest */ = {isa = PBXFileReference; explicitFileType = wrapper.cfbundle; includeInIndex = 0; path = tipCalcUITests.xctest; sourceTree = BUILT_PRODUCTS_DIR; };
		33E2984523DE49820030023A /* tipCalcUITests.swift */ = {isa = PBXFileReference; lastKnownFileType = sourcecode.swift; path = tipCalcUITests.swift; sourceTree = "<group>"; };
		33E2984723DE49820030023A /* Info.plist */ = {isa = PBXFileReference; lastKnownFileType = text.plist.xml; path = Info.plist; sourceTree = "<group>"; };
/* End PBXFileReference section */

/* Begin PBXFrameworksBuildPhase section */
		33E2981D23DE49800030023A /* Frameworks */ = {
			isa = PBXFrameworksBuildPhase;
			buildActionMask = 2147483647;
			files = (
			);
			runOnlyForDeploymentPostprocessing = 0;
		};
		33E2983323DE49820030023A /* Frameworks */ = {
			isa = PBXFrameworksBuildPhase;
			buildActionMask = 2147483647;
			files = (
			);
			runOnlyForDeploymentPostprocessing = 0;
		};
		33E2983E23DE49820030023A /* Frameworks */ = {
			isa = PBXFrameworksBuildPhase;
			buildActionMask = 2147483647;
			files = (
			);
			runOnlyForDeploymentPostprocessing = 0;
		};
/* End PBXFrameworksBuildPhase section */

/* Begin PBXGroup section */
		33E2981723DE49800030023A = {
			isa = PBXGroup;
			children = (
				33E2982223DE49800030023A /* tipCalc */,
				33E2983923DE49820030023A /* tipCalcTests */,
				33E2984423DE49820030023A /* tipCalcUITests */,
				33E2982123DE49800030023A /* Products */,
			);
			sourceTree = "<group>";
		};
		33E2982123DE49800030023A /* Products */ = {
			isa = PBXGroup;
			children = (
				33E2982023DE49800030023A /* tipCalc.app */,
				33E2983623DE49820030023A /* tipCalcTests.xctest */,
				33E2984123DE49820030023A /* tipCalcUITests.xctest */,
			);
			name = Products;
			sourceTree = "<group>";
		};
		33E2982223DE49800030023A /* tipCalc */ = {
			isa = PBXGroup;
			children = (
				33E2982323DE49800030023A /* AppDelegate.swift */,
				33E2982523DE49800030023A /* SceneDelegate.swift */,
				33E2982723DE49800030023A /* ViewController.swift */,
				33E2982923DE49800030023A /* Main.storyboard */,
				33E2982C23DE49820030023A /* Assets.xcassets */,
				33E2982E23DE49820030023A /* LaunchScreen.storyboard */,
				33E2983123DE49820030023A /* Info.plist */,
			);
			path = tipCalc;
			sourceTree = "<group>";
		};
		33E2983923DE49820030023A /* tipCalcTests */ = {
			isa = PBXGroup;
			children = (
				33E2983A23DE49820030023A /* tipCalcTests.swift */,
				33E2983C23DE49820030023A /* Info.plist */,
			);
			path = tipCalcTests;
			sourceTree = "<group>";
		};
		33E2984423DE49820030023A /* tipCalcUITests */ = {
			isa = PBXGroup;
			children = (
				33E2984523DE49820030023A /* tipCalcUITests.swift */,
				33E2984723DE49820030023A /* Info.plist */,
			);
			path = tipCalcUITests;
			sourceTree = "<group>";
		};
/* End PBXGroup section */

/* Begin PBXNativeTarget section */
		33E2981F23DE49800030023A /* tipCalc */ = {
			isa = PBXNativeTarget;
			buildConfigurationList = 33E2984A23DE49820030023A /* Build configuration list for PBXNativeTarget "tipCalc" */;
			buildPhases = (
				33E2981C23DE49800030023A /* Sources */,
				33E2981D23DE49800030023A /* Frameworks */,
				33E2981E23DE49800030023A /* Resources */,
			);
			buildRules = (
			);
			dependencies = (
			);
			name = tipCalc;
			productName = tipCalc;
			productReference = 33E2982023DE49800030023A /* tipCalc.app */;
			productType = "com.apple.product-type.application";
		};
		33E2983523DE49820030023A /* tipCalcTests */ = {
			isa = PBXNativeTarget;
			buildConfigurationList = 33E2984D23DE49820030023A /* Build configuration list for PBXNativeTarget "tipCalcTests" */;
			buildPhases = (
				33E2983223DE49820030023A /* Sources */,
				33E2983323DE49820030023A /* Frameworks */,
				33E2983423DE49820030023A /* Resources */,
			);
			buildRules = (
			);
			dependencies = (
				33E2983823DE49820030023A /* PBXTargetDependency */,
			);
			name = tipCalcTests;
			productName = tipCalcTests;
			productReference = 33E2983623DE49820030023A /* tipCalcTests.xctest */;
			productType = "com.apple.product-type.bundle.unit-test";
		};
		33E2984023DE49820030023A /* tipCalcUITests */ = {
			isa = PBXNativeTarget;
			buildConfigurationList = 33E2985023DE49820030023A /* Build configuration list for PBXNativeTarget "tipCalcUITests" */;
			buildPhases = (
				33E2983D23DE49820030023A /* Sources */,
				33E2983E23DE49820030023A /* Frameworks */,
				33E2983F23DE49820030023A /* Resources */,
			);
			buildRules = (
			);
			dependencies = (
				33E2984323DE49820030023A /* PBXTargetDependency */,
			);
			name = tipCalcUITests;
			productName = tipCalcUITests;
			productReference = 33E2984123DE49820030023A /* tipCalcUITests.xctest */;
			productType = "com.apple.product-type.bundle.ui-testing";
		};
/* End PBXNativeTarget section */

/* Begin PBXProject section */
		33E2981823DE49800030023A /* Project object */ = {
			isa = PBXProject;
			attributes = {
				LastSwiftUpdateCheck = 1130;
				LastUpgradeCheck = 1130;
				ORGANIZATIONNAME = whipp;
				TargetAttributes = {
					33E2981F23DE49800030023A = {
						CreatedOnToolsVersion = 11.3.1;
					};
					33E2983523DE49820030023A = {
						CreatedOnToolsVersion = 11.3.1;
						TestTargetID = 33E2981F23DE49800030023A;
					};
					33E2984023DE49820030023A = {
						CreatedOnToolsVersion = 11.3.1;
						TestTargetID = 33E2981F23DE49800030023A;
					};
				};
			};
			buildConfigurationList = 33E2981B23DE49800030023A /* Build configuration list for PBXProject "tipCalc" */;
			compatibilityVersion = "Xcode 9.3";
			developmentRegion = en;
			hasScannedForEncodings = 0;
			knownRegions = (
				en,
				Base,
			);
			mainGroup = 33E2981723DE49800030023A;
			productRefGroup = 33E2982123DE49800030023A /* Products */;
			projectDirPath = "";
			projectRoot = "";
			targets = (
				33E2981F23DE49800030023A /* tipCalc */,
				33E2983523DE49820030023A /* tipCalcTests */,
				33E2984023DE49820030023A /* tipCalcUITests */,
			);
		};
/* End PBXProject section */

/* Begin PBXResourcesBuildPhase section */
		33E2981E23DE49800030023A /* Resources */ = {
			isa = PBXResourcesBuildPhase;
			buildActionMask = 2147483647;
			files = (
				33E2983023DE49820030023A /* LaunchScreen.storyboard in Resources */,
				33E2982D23DE49820030023A /* Assets.xcassets in Resources */,
				33E2982B23DE49800030023A /* Main.storyboard in Resources */,
			);
			runOnlyForDeploymentPostprocessing = 0;
		};
		33E2983423DE49820030023A /* Resources */ = {
			isa = PBXResourcesBuildPhase;
			buildActionMask = 2147483647;
			files = (
			);
			runOnlyForDeploymentPostprocessing = 0;
		};
		33E2983F23DE49820030023A /* Resources */ = {
			isa = PBXResourcesBuildPhase;
			buildActionMask = 2147483647;
			files = (
			);
			runOnlyForDeploymentPostprocessing = 0;
		};
/* End PBXResourcesBuildPhase section */

/* Begin PBXSourcesBuildPhase section */
		33E2981C23DE49800030023A /* Sources */ = {
			isa = PBXSourcesBuildPhase;
			buildActionMask = 2147483647;
			files = (
				33E2982823DE49800030023A /* ViewController.swift in Sources */,
				33E2982423DE49800030023A /* AppDelegate.swift in Sources */,
				33E2982623DE49800030023A /* SceneDelegate.swift in Sources */,
			);
			runOnlyForDeploymentPostprocessing = 0;
		};
		33E2983223DE49820030023A /* Sources */ = {
			isa = PBXSourcesBuildPhase;
			buildActionMask = 2147483647;
			files = (
				33E2983B23DE49820030023A /* tipCalcTests.swift in Sources */,
			);
			runOnlyForDeploymentPostprocessing = 0;
		};
		33E2983D23DE49820030023A /* Sources */ = {
			isa = PBXSourcesBuildPhase;
			buildActionMask = 2147483647;
			files = (
				33E2984623DE49820030023A /* tipCalcUITests.swift in Sources */,
			);
			runOnlyForDeploymentPostprocessing = 0;
		};
/* End PBXSourcesBuildPhase section */

/* Begin PBXTargetDependency section */
		33E2983823DE49820030023A /* PBXTargetDependency */ = {
			isa = PBXTargetDependency;
			target = 33E2981F23DE49800030023A /* tipCalc */;
			targetProxy = 33E2983723DE49820030023A /* PBXContainerItemProxy */;
		};
		33E2984323DE49820030023A /* PBXTargetDependency */ = {
			isa = PBXTargetDependency;
			target = 33E2981F23DE49800030023A /* tipCalc */;
			targetProxy = 33E2984223DE49820030023A /* PBXContainerItemProxy */;
		};
/* End PBXTargetDependency section */

/* Begin PBXVariantGroup section */
		33E2982923DE49800030023A /* Main.storyboard */ = {
			isa = PBXVariantGroup;
			children = (
				33E2982A23DE49800030023A /* Base */,
			);
			name = Main.storyboard;
			sourceTree = "<group>";
		};
		33E2982E23DE49820030023A /* LaunchScreen.storyboard */ = {
			isa = PBXVariantGroup;
			children = (
				33E2982F23DE49820030023A /* Base */,
			);
			name = LaunchScreen.storyboard;
			sourceTree = "<group>";
		};
/* End PBXVariantGroup section */

/* Begin XCBuildConfiguration section */
		33E2984823DE49820030023A /* Debug */ = {
			isa = XCBuildConfiguration;
			buildSettings = {
				ALWAYS_SEARCH_USER_PATHS = NO;
				CLANG_ANALYZER_NONNULL = YES;
				CLANG_ANALYZER_NUMBER_OBJECT_CONVERSION = YES_AGGRESSIVE;
				CLANG_CXX_LANGUAGE_STANDARD = "gnu++14";
				CLANG_CXX_LIBRARY = "libc++";
				CLANG_ENABLE_MODULES = YES;
				CLANG_ENABLE_OBJC_ARC = YES;
				CLANG_ENABLE_OBJC_WEAK = YES;
				CLANG_WARN_BLOCK_CAPTURE_AUTORELEASING = YES;
				CLANG_WARN_BOOL_CONVERSION = YES;
				CLANG_WARN_COMMA = YES;
				CLANG_WARN_CONSTANT_CONVERSION = YES;
				CLANG_WARN_DEPRECATED_OBJC_IMPLEMENTATIONS = YES;
				CLANG_WARN_DIRECT_OBJC_ISA_USAGE = YES_ERROR;
				CLANG_WARN_DOCUMENTATION_COMMENTS = YES;
				CLANG_WARN_EMPTY_BODY = YES;
				CLANG_WARN_ENUM_CONVERSION = YES;
				CLANG_WARN_INFINITE_RECURSION = YES;
				CLANG_WARN_INT_CONVERSION = YES;
				CLANG_WARN_NON_LITERAL_NULL_CONVERSION = YES;
				CLANG_WARN_OBJC_IMPLICIT_RETAIN_SELF = YES;
				CLANG_WARN_OBJC_LITERAL_CONVERSION = YES;
				CLANG_WARN_OBJC_ROOT_CLASS = YES_ERROR;
				CLANG_WARN_RANGE_LOOP_ANALYSIS = YES;
				CLANG_WARN_STRICT_PROTOTYPES = YES;
				CLANG_WARN_SUSPICIOUS_MOVE = YES;
				CLANG_WARN_UNGUARDED_AVAILABILITY = YES_AGGRESSIVE;
				CLANG_WARN_UNREACHABLE_CODE = YES;
				CLANG_WARN__DUPLICATE_METHOD_MATCH = YES;
				COPY_PHASE_STRIP = NO;
				DEBUG_INFORMATION_FORMAT = dwarf;
				ENABLE_STRICT_OBJC_MSGSEND = YES;
				ENABLE_TESTABILITY = YES;
				GCC_C_LANGUAGE_STANDARD = gnu11;
				GCC_DYNAMIC_NO_PIC = NO;
				GCC_NO_COMMON_BLOCKS = YES;
				GCC_OPTIMIZATION_LEVEL = 0;
				GCC_PREPROCESSOR_DEFINITIONS = (
					"DEBUG=1",
					"$(inherited)",
				);
				GCC_WARN_64_TO_32_BIT_CONVERSION = YES;
				GCC_WARN_ABOUT_RETURN_TYPE = YES_ERROR;
				GCC_WARN_UNDECLARED_SELECTOR = YES;
				GCC_WARN_UNINITIALIZED_AUTOS = YES_AGGRESSIVE;
				GCC_WARN_UNUSED_FUNCTION = YES;
				GCC_WARN_UNUSED_VARIABLE = YES;
				IPHONEOS_DEPLOYMENT_TARGET = 13.2;
				MTL_ENABLE_DEBUG_INFO = INCLUDE_SOURCE;
				MTL_FAST_MATH = YES;
				ONLY_ACTIVE_ARCH = YES;
				SDKROOT = iphoneos;
				SWIFT_ACTIVE_COMPILATION_CONDITIONS = DEBUG;
				SWIFT_OPTIMIZATION_LEVEL = "-Onone";
			};
			name = Debug;
		};
		33E2984923DE49820030023A /* Release */ = {
			isa = XCBuildConfiguration;
			buildSettings = {
				ALWAYS_SEARCH_USER_PATHS = NO;
				CLANG_ANALYZER_NONNULL = YES;
				CLANG_ANALYZER_NUMBER_OBJECT_CONVERSION = YES_AGGRESSIVE;
				CLANG_CXX_LANGUAGE_STANDARD = "gnu++14";
				CLANG_CXX_LIBRARY = "libc++";
				CLANG_ENABLE_MODULES = YES;
				CLANG_ENABLE_OBJC_ARC = YES;
				CLANG_ENABLE_OBJC_WEAK = YES;
				CLANG_WARN_BLOCK_CAPTURE_AUTORELEASING = YES;
				CLANG_WARN_BOOL_CONVERSION = YES;
				CLANG_WARN_COMMA = YES;
				CLANG_WARN_CONSTANT_CONVERSION = YES;
				CLANG_WARN_DEPRECATED_OBJC_IMPLEMENTATIONS = YES;
				CLANG_WARN_DIRECT_OBJC_ISA_USAGE = YES_ERROR;
				CLANG_WARN_DOCUMENTATION_COMMENTS = YES;
				CLANG_WARN_EMPTY_BODY = YES;
				CLANG_WARN_ENUM_CONVERSION = YES;
				CLANG_WARN_INFINITE_RECURSION = YES;
				CLANG_WARN_INT_CONVERSION = YES;
				CLANG_WARN_NON_LITERAL_NULL_CONVERSION = YES;
				CLANG_WARN_OBJC_IMPLICIT_RETAIN_SELF = YES;
				CLANG_WARN_OBJC_LITERAL_CONVERSION = YES;
				CLANG_WARN_OBJC_ROOT_CLASS = YES_ERROR;
				CLANG_WARN_RANGE_LOOP_ANALYSIS = YES;
				CLANG_WARN_STRICT_PROTOTYPES = YES;
				CLANG_WARN_SUSPICIOUS_MOVE = YES;
				CLANG_WARN_UNGUARDED_AVAILABILITY = YES_AGGRESSIVE;
				CLANG_WARN_UNREACHABLE_CODE = YES;
				CLANG_WARN__DUPLICATE_METHOD_MATCH = YES;
				COPY_PHASE_STRIP = NO;
				DEBUG_INFORMATION_FORMAT = "dwarf-with-dsym";
				ENABLE_NS_ASSERTIONS = NO;
				ENABLE_STRICT_OBJC_MSGSEND = YES;
				GCC_C_LANGUAGE_STANDARD = gnu11;
				GCC_NO_COMMON_BLOCKS = YES;
				GCC_WARN_64_TO_32_BIT_CONVERSION = YES;
				GCC_WARN_ABOUT_RETURN_TYPE = YES_ERROR;
				GCC_WARN_UNDECLARED_SELECTOR = YES;
				GCC_WARN_UNINITIALIZED_AUTOS = YES_AGGRESSIVE;
				GCC_WARN_UNUSED_FUNCTION = YES;
				GCC_WARN_UNUSED_VARIABLE = YES;
				IPHONEOS_DEPLOYMENT_TARGET = 13.2;
				MTL_ENABLE_DEBUG_INFO = NO;
				MTL_FAST_MATH = YES;
				SDKROOT = iphoneos;
				SWIFT_COMPILATION_MODE = wholemodule;
				SWIFT_OPTIMIZATION_LEVEL = "-O";
				VALIDATE_PRODUCT = YES;
			};
			name = Release;
		};
		33E2984B23DE49820030023A /* Debug */ = {
			isa = XCBuildConfiguration;
			buildSettings = {
				ASSETCATALOG_COMPILER_APPICON_NAME = AppIcon;
				CODE_SIGN_STYLE = Automatic;
				INFOPLIST_FILE = tipCalc/Info.plist;
				LD_RUNPATH_SEARCH_PATHS = (
					"$(inherited)",
					"@executable_path/Frameworks",
				);
				PRODUCT_BUNDLE_IDENTIFIER = edu.whipp.tipCalc;
				PRODUCT_NAME = "$(TARGET_NAME)";
				SWIFT_VERSION = 5.0;
				TARGETED_DEVICE_FAMILY = "1,2";
			};
			name = Debug;
		};
		33E2984C23DE49820030023A /* Release */ = {
			isa = XCBuildConfiguration;
			buildSettings = {
				ASSETCATALOG_COMPILER_APPICON_NAME = AppIcon;
				CODE_SIGN_STYLE = Automatic;
				INFOPLIST_FILE = tipCalc/Info.plist;
				LD_RUNPATH_SEARCH_PATHS = (
					"$(inherited)",
					"@executable_path/Frameworks",
				);
				PRODUCT_BUNDLE_IDENTIFIER = edu.whipp.tipCalc;
				PRODUCT_NAME = "$(TARGET_NAME)";
				SWIFT_VERSION = 5.0;
				TARGETED_DEVICE_FAMILY = "1,2";
			};
			name = Release;
		};
		33E2984E23DE49820030023A /* Debug */ = {
			isa = XCBuildConfiguration;
			buildSettings = {
				ALWAYS_EMBED_SWIFT_STANDARD_LIBRARIES = YES;
				BUNDLE_LOADER = "$(TEST_HOST)";
				CODE_SIGN_STYLE = Automatic;
				INFOPLIST_FILE = tipCalcTests/Info.plist;
				IPHONEOS_DEPLOYMENT_TARGET = 13.2;
				LD_RUNPATH_SEARCH_PATHS = (
					"$(inherited)",
					"@executable_path/Frameworks",
					"@loader_path/Frameworks",
				);
				PRODUCT_BUNDLE_IDENTIFIER = edu.whipp.tipCalcTests;
				PRODUCT_NAME = "$(TARGET_NAME)";
				SWIFT_VERSION = 5.0;
				TARGETED_DEVICE_FAMILY = "1,2";
				TEST_HOST = "$(BUILT_PRODUCTS_DIR)/tipCalc.app/tipCalc";
			};
			name = Debug;
		};
		33E2984F23DE49820030023A /* Release */ = {
			isa = XCBuildConfiguration;
			buildSettings = {
				ALWAYS_EMBED_SWIFT_STANDARD_LIBRARIES = YES;
				BUNDLE_LOADER = "$(TEST_HOST)";
				CODE_SIGN_STYLE = Automatic;
				INFOPLIST_FILE = tipCalcTests/Info.plist;
				IPHONEOS_DEPLOYMENT_TARGET = 13.2;
				LD_RUNPATH_SEARCH_PATHS = (
					"$(inherited)",
					"@executable_path/Frameworks",
					"@loader_path/Frameworks",
				);
				PRODUCT_BUNDLE_IDENTIFIER = edu.whipp.tipCalcTests;
				PRODUCT_NAME = "$(TARGET_NAME)";
				SWIFT_VERSION = 5.0;
				TARGETED_DEVICE_FAMILY = "1,2";
				TEST_HOST = "$(BUILT_PRODUCTS_DIR)/tipCalc.app/tipCalc";
			};
			name = Release;
		};
		33E2985123DE49820030023A /* Debug */ = {
			isa = XCBuildConfiguration;
			buildSettings = {
				ALWAYS_EMBED_SWIFT_STANDARD_LIBRARIES = YES;
				CODE_SIGN_STYLE = Automatic;
				INFOPLIST_FILE = tipCalcUITests/Info.plist;
				LD_RUNPATH_SEARCH_PATHS = (
					"$(inherited)",
					"@executable_path/Frameworks",
					"@loader_path/Frameworks",
				);
				PRODUCT_BUNDLE_IDENTIFIER = edu.whipp.tipCalcUITests;
				PRODUCT_NAME = "$(TARGET_NAME)";
				SWIFT_VERSION = 5.0;
				TARGETED_DEVICE_FAMILY = "1,2";
				TEST_TARGET_NAME = tipCalc;
			};
			name = Debug;
		};
		33E2985223DE49820030023A /* Release */ = {
			isa = XCBuildConfiguration;
			buildSettings = {
				ALWAYS_EMBED_SWIFT_STANDARD_LIBRARIES = YES;
				CODE_SIGN_STYLE = Automatic;
				INFOPLIST_FILE = tipCalcUITests/Info.plist;
				LD_RUNPATH_SEARCH_PATHS = (
					"$(inherited)",
					"@executable_path/Frameworks",
					"@loader_path/Frameworks",
				);
				PRODUCT_BUNDLE_IDENTIFIER = edu.whipp.tipCalcUITests;
				PRODUCT_NAME = "$(TARGET_NAME)";
				SWIFT_VERSION = 5.0;
				TARGETED_DEVICE_FAMILY = "1,2";
				TEST_TARGET_NAME = tipCalc;
			};
			name = Release;
		};
/* End XCBuildConfiguration section */

/* Begin XCConfigurationList section */
		33E2981B23DE49800030023A /* Build configuration list for PBXProject "tipCalc" */ = {
			isa = XCConfigurationList;
			buildConfigurations = (
				33E2984823DE49820030023A /* Debug */,
				33E2984923DE49820030023A /* Release */,
			);
			defaultConfigurationIsVisible = 0;
			defaultConfigurationName = Release;
		};
		33E2984A23DE49820030023A /* Build configuration list for PBXNativeTarget "tipCalc" */ = {
			isa = XCConfigurationList;
			buildConfigurations = (
				33E2984B23DE49820030023A /* Debug */,
				33E2984C23DE49820030023A /* Release */,
			);
			defaultConfigurationIsVisible = 0;
			defaultConfigurationName = Release;
		};
		33E2984D23DE49820030023A /* Build configuration list for PBXNativeTarget "tipCalcTests" */ = {
			isa = XCConfigurationList;
			buildConfigurations = (
				33E2984E23DE49820030023A /* Debug */,
				33E2984F23DE49820030023A /* Release */,
			);
			defaultConfigurationIsVisible = 0;
			defaultConfigurationName = Release;
		};
		33E2985023DE49820030023A /* Build configuration list for PBXNativeTarget "tipCalcUITests" */ = {
			isa = XCConfigurationList;
			buildConfigurations = (
				33E2985123DE49820030023A /* Debug */,
				33E2985223DE49820030023A /* Release */,
			);
			defaultConfigurationIsVisible = 0;
			defaultConfigurationName = Release;
		};
/* End XCConfigurationList section */
	};
	rootObject = 33E2981823DE49800030023A /* Project object */;
}
